
Microsoft Visual Studio Solution File, Format Version 12.00
# Visual Studio 15
VisualStudioVersion = 15.0.28307.421
MinimumVisualStudioVersion = 10.0.40219.1
Project("{FAE04EC0-301F-11D3-BF4B-00C04F79EFBC}") = "opg3002", "opg3002\opg3002.csproj", "{ADDF76B3-D423-4212-A8E2-218FFE694416}"
EndProject
Project("{FAE04EC0-301F-11D3-BF4B-00C04F79EFBC}") = "opg3002_ShoppingCL", "opg3002_ShoppingCL\opg3002_ShoppingCL.csproj", "{83728731-79B7-4D43-8A4F-3F3765A4911A}"
EndProject
Global
	GlobalSection(SolutionConfigurationPlatforms) = preSolution
		Debug|Any CPU = Debug|Any CPU
		Release|Any CPU = Release|Any CPU
	EndGlobalSection
	GlobalSection(ProjectConfigurationPlatforms) = postSolution
		{ADDF76B3-D423-4212-A8E2-218FFE694416}.Debug|Any CPU.ActiveCfg = Debug|Any CPU
		{ADDF76B3-D423-4212-A8E2-218FFE694416}.Debug|Any CPU.Build.0 = Debug|Any CPU
		{ADDF76B3-D423-4212-A8E2-218FFE694416}.Release|Any CPU.ActiveCfg = Release|Any CPU
		{ADDF76B3-D423-4212-A8E2-218FFE694416}.Release|Any CPU.Build.0 = Release|Any CPU
		{83728731-79B7-4D43-8A4F-3F3765A4911A}.Debug|Any CPU.ActiveCfg = Debug|Any CPU
		{83728731-79B7-4D43-8A4F-3F3765A4911A}.Debug|Any CPU.Build.0 = Debug|Any CPU
		{83728731-79B7-4D43-8A4F-3F3765A4911A}.Release|Any CPU.ActiveCfg = Release|Any CPU
		{83728731-79B7-4D43-8A4F-3F3765A4911A}.Release|Any CPU.Build.0 = Release|Any CPU
	EndGlobalSection
	GlobalSection(SolutionProperties) = preSolution
		HideSolutionNode = FALSE
	EndGlobalSection
	GlobalSection(ExtensibilityGlobals) = postSolution
		SolutionGuid = {E4FC11A5-A970-4000-AC11-DA7466457F13}
	EndGlobalSection
EndGlobal
